{
  "name": "xco-mcp-server",
  "version": "0.1.0",
  "lockfileVersion": 3,
  "requires": true,
  "packages": {
    "": {
      "name": "xco-mcp-server",
      "version": "0.1.0",
      "license": "Apache-2.0",
      "bin": {
        "xco-call": "src/cli.js",
        "xco-http-server": "src/http-server.js",
        "xco-mcp-server": "src/server.js"
      },
      "engines": {
        "node": ">=22"
      }
    }
  }
}
